
Microsoft Visual Studio Solution File, Format Version 12.00
# Visual Studio Version 17
VisualStudioVersion = 17.9.34728.123
MinimumVisualStudioVersion = 10.0.40219.1
Project("{FAE04EC0-301F-11D3-BF4B-00C04F79EFBC}") = "ExpenseTracker", "ExpenseTracker\ExpenseTracker.csproj", "{FF75BB47-EF4E-4363-A5D1-1B9F3AB00AB0}"
EndProject
Global
	GlobalSection(SolutionConfigurationPlatforms) = preSolution
		Debug|Any CPU = Debug|Any CPU
		Release|Any CPU = Release|Any CPU
	EndGlobalSection
	GlobalSection(ProjectConfigurationPlatforms) = postSolution
		{FF75BB47-EF4E-4363-A5D1-1B9F3AB00AB0}.Debug|Any CPU.ActiveCfg = Debug|Any CPU
		{FF75BB47-EF4E-4363-A5D1-1B9F3AB00AB0}.Debug|Any CPU.Build.0 = Debug|Any CPU
		{FF75BB47-EF4E-4363-A5D1-1B9F3AB00AB0}.Release|Any CPU.ActiveCfg = Release|Any CPU
		{FF75BB47-EF4E-4363-A5D1-1B9F3AB00AB0}.Release|Any CPU.Build.0 = Release|Any CPU
	EndGlobalSection
	GlobalSection(SolutionProperties) = preSolution
		HideSolutionNode = FALSE
	EndGlobalSection
	GlobalSection(ExtensibilityGlobals) = postSolution
		SolutionGuid = {629D3EDD-ADB2-4F2A-B7CF-D7F39D320F0A}
	EndGlobalSection
EndGlobal
